// !$*UTF8*$!
{
	archiveVersion = 1;
	classes = {
	};
	objectVersion = 50;
	objects = {

/* Begin PBXBuildFile section */
		B736E94B2114BF9E00F3D7CC /* UINavigationController+style.swift in Sources */ = {isa = PBXBuildFile; fileRef = B736E94A2114BF9E00F3D7CC /* UINavigationController+style.swift */; };
		B736E94E2114E28100F3D7CC /* CompanyCell.swift in Sources */ = {isa = PBXBuildFile; fileRef = B736E94D2114E28100F3D7CC /* CompanyCell.swift */; };
		B736E9512115094000F3D7CC /* CompaniesController+CreateCompany.swift in Sources */ = {isa = PBXBuildFile; fileRef = B736E9502115094000F3D7CC /* CompaniesController+CreateCompany.swift */; };
		B736E95321150A6B00F3D7CC /* CompaniesController+UITableView.swift in Sources */ = {isa = PBXBuildFile; fileRef = B736E95221150A6A00F3D7CC /* CompaniesController+UITableView.swift */; };
		B736E9552115134800F3D7CC /* EmployeesController.swift in Sources */ = {isa = PBXBuildFile; fileRef = B736E9542115134800F3D7CC /* EmployeesController.swift */; };
		B736E957211516B500F3D7CC /* UIViewController+helpers.swift in Sources */ = {isa = PBXBuildFile; fileRef = B736E956211516B500F3D7CC /* UIViewController+helpers.swift */; };
		B736E9592115192600F3D7CC /* CreateEmployeeController.swift in Sources */ = {isa = PBXBuildFile; fileRef = B736E9582115192600F3D7CC /* CreateEmployeeController.swift */; };
		B75FCE0020F25131008BE761 /* AppDelegate.swift in Sources */ = {isa = PBXBuildFile; fileRef = B75FCDFF20F25131008BE761 /* AppDelegate.swift */; };
		B75FCE0220F25131008BE761 /* CompaniesController.swift in Sources */ = {isa = PBXBuildFile; fileRef = B75FCE0120F25131008BE761 /* CompaniesController.swift */; };
		B75FCE0520F25131008BE761 /* Main.storyboard in Resources */ = {isa = PBXBuildFile; fileRef = B75FCE0320F25131008BE761 /* Main.storyboard */; };
		B75FCE0720F25133008BE761 /* Assets.xcassets in Resources */ = {isa = PBXBuildFile; fileRef = B75FCE0620F25133008BE761 /* Assets.xcassets */; };
		B75FCE0A20F25133008BE761 /* LaunchScreen.storyboard in Resources */ = {isa = PBXBuildFile; fileRef = B75FCE0820F25133008BE761 /* LaunchScreen.storyboard */; };
		B75FCE1220F25141008BE761 /* select_photo_empty@2x.png in Resources */ = {isa = PBXBuildFile; fileRef = B75FCE1120F25141008BE761 /* select_photo_empty@2x.png */; };
		B75FCE1520F25319008BE761 /* UIView+constraints.swift in Sources */ = {isa = PBXBuildFile; fileRef = B75FCE1420F25319008BE761 /* UIView+constraints.swift */; };
		B75FCE1720F25A68008BE761 /* CustomNavigationController.swift in Sources */ = {isa = PBXBuildFile; fileRef = B75FCE1620F25A68008BE761 /* CustomNavigationController.swift */; };
		B75FCE1F20F263D8008BE761 /* UIColor+theme.swift in Sources */ = {isa = PBXBuildFile; fileRef = B75FCE1E20F263D8008BE761 /* UIColor+theme.swift */; };
		B75FCE2320F26602008BE761 /* UIColor+rgb.swift in Sources */ = {isa = PBXBuildFile; fileRef = B75FCE2220F26602008BE761 /* UIColor+rgb.swift */; };
		B75FCE2820F276B0008BE761 /* CreateCompanyController.swift in Sources */ = {isa = PBXBuildFile; fileRef = B75FCE2720F276B0008BE761 /* CreateCompanyController.swift */; };
		B75FCE3020F2A8CA008BE761 /* CompaniesAppModels.xcdatamodeld in Sources */ = {isa = PBXBuildFile; fileRef = B75FCE2E20F2A8CA008BE761 /* CompaniesAppModels.xcdatamodeld */; };
		B75FCE3220F2B420008BE761 /* CoreDataManager.swift in Sources */ = {isa = PBXBuildFile; fileRef = B75FCE3120F2B420008BE761 /* CoreDataManager.swift */; };
		B77C3CE021167D6600E0120F /* EmployeesController+CreateEmployee.swift in Sources */ = {isa = PBXBuildFile; fileRef = B77C3CDF21167D6600E0120F /* EmployeesController+CreateEmployee.swift */; };
/* End PBXBuildFile section */

/* Begin PBXFileReference section */
		B736E94A2114BF9E00F3D7CC /* UINavigationController+style.swift */ = {isa = PBXFileReference; lastKnownFileType = sourcecode.swift; path = "UINavigationController+style.swift"; sourceTree = "<group>"; };
		B736E94D2114E28100F3D7CC /* CompanyCell.swift */ = {isa = PBXFileReference; lastKnownFileType = sourcecode.swift; path = CompanyCell.swift; sourceTree = "<group>"; };
		B736E9502115094000F3D7CC /* CompaniesController+CreateCompany.swift */ = {isa = PBXFileReference; lastKnownFileType = sourcecode.swift; path = "CompaniesController+CreateCompany.swift"; sourceTree = "<group>"; };
		B736E95221150A6A00F3D7CC /* CompaniesController+UITableView.swift */ = {isa = PBXFileReference; lastKnownFileType = sourcecode.swift; path = "CompaniesController+UITableView.swift"; sourceTree = "<group>"; };
		B736E9542115134800F3D7CC /* EmployeesController.swift */ = {isa = PBXFileReference; lastKnownFileType = sourcecode.swift; path = EmployeesController.swift; sourceTree = "<group>"; };
		B736E956211516B500F3D7CC /* UIViewController+helpers.swift */ = {isa = PBXFileReference; lastKnownFileType = sourcecode.swift; path = "UIViewController+helpers.swift"; sourceTree = "<group>"; };
		B736E9582115192600F3D7CC /* CreateEmployeeController.swift */ = {isa = PBXFileReference; lastKnownFileType = sourcecode.swift; path = CreateEmployeeController.swift; sourceTree = "<group>"; };
		B75FCDFC20F25131008BE761 /* CompaniesApp.app */ = {isa = PBXFileReference; explicitFileType = wrapper.application; includeInIndex = 0; path = CompaniesApp.app; sourceTree = BUILT_PRODUCTS_DIR; };
		B75FCDFF20F25131008BE761 /* AppDelegate.swift */ = {isa = PBXFileReference; lastKnownFileType = sourcecode.swift; path = AppDelegate.swift; sourceTree = "<group>"; };
		B75FCE0120F25131008BE761 /* CompaniesController.swift */ = {isa = PBXFileReference; lastKnownFileType = sourcecode.swift; path = CompaniesController.swift; sourceTree = "<group>"; };
		B75FCE0420F25131008BE761 /* Base */ = {isa = PBXFileReference; lastKnownFileType = file.storyboard; name = Base; path = Base.lproj/Main.storyboard; sourceTree = "<group>"; };
		B75FCE0620F25133008BE761 /* Assets.xcassets */ = {isa = PBXFileReference; lastKnownFileType = folder.assetcatalog; path = Assets.xcassets; sourceTree = "<group>"; };
		B75FCE0920F25133008BE761 /* Base */ = {isa = PBXFileReference; lastKnownFileType = file.storyboard; name = Base; path = Base.lproj/LaunchScreen.storyboard; sourceTree = "<group>"; };
		B75FCE0B20F25133008BE761 /* Info.plist */ = {isa = PBXFileReference; lastKnownFileType = text.plist.xml; path = Info.plist; sourceTree = "<group>"; };
		B75FCE1120F25141008BE761 /* select_photo_empty@2x.png */ = {isa = PBXFileReference; lastKnownFileType = image.png; path = "select_photo_empty@2x.png"; sourceTree = "<group>"; };
		B75FCE1420F25319008BE761 /* UIView+constraints.swift */ = {isa = PBXFileReference; lastKnownFileType = sourcecode.swift; path = "UIView+constraints.swift"; sourceTree = "<group>"; };
		B75FCE1620F25A68008BE761 /* CustomNavigationController.swift */ = {isa = PBXFileReference; lastKnownFileType = sourcecode.swift; path = CustomNavigationController.swift; sourceTree = "<group>"; };
		B75FCE1E20F263D8008BE761 /* UIColor+theme.swift */ = {isa = PBXFileReference; lastKnownFileType = sourcecode.swift; path = "UIColor+theme.swift"; sourceTree = "<group>"; };
		B75FCE2220F26602008BE761 /* UIColor+rgb.swift */ = {isa = PBXFileReference; lastKnownFileType = sourcecode.swift; path = "UIColor+rgb.swift"; sourceTree = "<group>"; };
		B75FCE2720F276B0008BE761 /* CreateCompanyController.swift */ = {isa = PBXFileReference; lastKnownFileType = sourcecode.swift; path = CreateCompanyController.swift; sourceTree = "<group>"; };
		B75FCE2F20F2A8CA008BE761 /* CompaniesAppModel.xcdatamodel */ = {isa = PBXFileReference; lastKnownFileType = wrapper.xcdatamodel; path = CompaniesAppModel.xcdatamodel; sourceTree = "<group>"; };
		B75FCE3120F2B420008BE761 /* CoreDataManager.swift */ = {isa = PBXFileReference; lastKnownFileType = sourcecode.swift; path = CoreDataManager.swift; sourceTree = "<group>"; };
		B77C3CDF21167D6600E0120F /* EmployeesController+CreateEmployee.swift */ = {isa = PBXFileReference; lastKnownFileType = sourcecode.swift; path = "EmployeesController+CreateEmployee.swift"; sourceTree = "<group>"; };
/* End PBXFileReference section */

/* Begin PBXFrameworksBuildPhase section */
		B75FCDF920F25131008BE761 /* Frameworks */ = {
			isa = PBXFrameworksBuildPhase;
			buildActionMask = 2147483647;
			files = (
			);
			runOnlyForDeploymentPostprocessing = 0;
		};
/* End PBXFrameworksBuildPhase section */

/* Begin PBXGroup section */
		B736E94F2114E28700F3D7CC /* Views */ = {
			isa = PBXGroup;
			children = (
				B736E94D2114E28100F3D7CC /* CompanyCell.swift */,
			);
			path = Views;
			sourceTree = "<group>";
		};
		B75FCDF320F25131008BE761 = {
			isa = PBXGroup;
			children = (
				B75FCDFE20F25131008BE761 /* CompaniesApp */,
				B75FCDFD20F25131008BE761 /* Products */,
			);
			sourceTree = "<group>";
		};
		B75FCDFD20F25131008BE761 /* Products */ = {
			isa = PBXGroup;
			children = (
				B75FCDFC20F25131008BE761 /* CompaniesApp.app */,
			);
			name = Products;
			sourceTree = "<group>";
		};
		B75FCDFE20F25131008BE761 /* CompaniesApp */ = {
			isa = PBXGroup;
			children = (
				B7B0FAAE20F3A4DF00EFFEA3 /* Models */,
				B75FCE1A20F25B77008BE761 /* Controllers */,
				B75FCE1620F25A68008BE761 /* CustomNavigationController.swift */,
				B736E94F2114E28700F3D7CC /* Views */,
				B75FCE1320F25304008BE761 /* Utils */,
				B75FCDFF20F25131008BE761 /* AppDelegate.swift */,
				B75FCE0320F25131008BE761 /* Main.storyboard */,
				B75FCE0620F25133008BE761 /* Assets.xcassets */,
				B75FCE1120F25141008BE761 /* select_photo_empty@2x.png */,
				B75FCE0820F25133008BE761 /* LaunchScreen.storyboard */,
				B75FCE0B20F25133008BE761 /* Info.plist */,
				B75FCE2E20F2A8CA008BE761 /* CompaniesAppModels.xcdatamodeld */,
			);
			path = CompaniesApp;
			sourceTree = "<group>";
		};
		B75FCE1320F25304008BE761 /* Utils */ = {
			isa = PBXGroup;
			children = (
				B75FCE1420F25319008BE761 /* UIView+constraints.swift */,
				B75FCE1E20F263D8008BE761 /* UIColor+theme.swift */,
				B75FCE2220F26602008BE761 /* UIColor+rgb.swift */,
				B736E94A2114BF9E00F3D7CC /* UINavigationController+style.swift */,
				B736E956211516B500F3D7CC /* UIViewController+helpers.swift */,
				B77C3CDE211679B400E0120F /* CompaniesUtils */,
				B77C3CE121167D7400E0120F /* EmployeesUtils */,
			);
			path = Utils;
			sourceTree = "<group>";
		};
		B75FCE1A20F25B77008BE761 /* Controllers */ = {
			isa = PBXGroup;
			children = (
				B77C3CDC2116798000E0120F /* Companies */,
				B77C3CDD2116799300E0120F /* Employees */,
			);
			path = Controllers;
			sourceTree = "<group>";
		};
		B77C3CDC2116798000E0120F /* Companies */ = {
			isa = PBXGroup;
			children = (
				B75FCE0120F25131008BE761 /* CompaniesController.swift */,
				B75FCE2720F276B0008BE761 /* CreateCompanyController.swift */,
			);
			path = Companies;
			sourceTree = "<group>";
		};
		B77C3CDD2116799300E0120F /* Employees */ = {
			isa = PBXGroup;
			children = (
				B736E9542115134800F3D7CC /* EmployeesController.swift */,
				B736E9582115192600F3D7CC /* CreateEmployeeController.swift */,
			);
			path = Employees;
			sourceTree = "<group>";
		};
		B77C3CDE211679B400E0120F /* CompaniesUtils */ = {
			isa = PBXGroup;
			children = (
				B736E9502115094000F3D7CC /* CompaniesController+CreateCompany.swift */,
				B736E95221150A6A00F3D7CC /* CompaniesController+UITableView.swift */,
			);
			path = CompaniesUtils;
			sourceTree = "<group>";
		};
		B77C3CE121167D7400E0120F /* EmployeesUtils */ = {
			isa = PBXGroup;
			children = (
				B77C3CDF21167D6600E0120F /* EmployeesController+CreateEmployee.swift */,
			);
			path = EmployeesUtils;
			sourceTree = "<group>";
		};
		B7B0FAAE20F3A4DF00EFFEA3 /* Models */ = {
			isa = PBXGroup;
			children = (
				B75FCE3120F2B420008BE761 /* CoreDataManager.swift */,
			);
			path = Models;
			sourceTree = "<group>";
		};
/* End PBXGroup section */

/* Begin PBXNativeTarget section */
		B75FCDFB20F25131008BE761 /* CompaniesApp */ = {
			isa = PBXNativeTarget;
			buildConfigurationList = B75FCE0E20F25133008BE761 /* Build configuration list for PBXNativeTarget "CompaniesApp" */;
			buildPhases = (
				B75FCDF820F25131008BE761 /* Sources */,
				B75FCDF920F25131008BE761 /* Frameworks */,
				B75FCDFA20F25131008BE761 /* Resources */,
			);
			buildRules = (
			);
			dependencies = (
			);
			name = CompaniesApp;
			productName = CompaniesApp;
			productReference = B75FCDFC20F25131008BE761 /* CompaniesApp.app */;
			productType = "com.apple.product-type.application";
		};
/* End PBXNativeTarget section */

/* Begin PBXProject section */
		B75FCDF420F25131008BE761 /* Project object */ = {
			isa = PBXProject;
			attributes = {
				LastSwiftUpdateCheck = 0930;
				LastUpgradeCheck = 0930;
				ORGANIZATIONNAME = "Irma Blanco";
				TargetAttributes = {
					B75FCDFB20F25131008BE761 = {
						CreatedOnToolsVersion = 9.3;
					};
				};
			};
			buildConfigurationList = B75FCDF720F25131008BE761 /* Build configuration list for PBXProject "CompaniesApp" */;
			compatibilityVersion = "Xcode 9.3";
			developmentRegion = en;
			hasScannedForEncodings = 0;
			knownRegions = (
				en,
				Base,
			);
			mainGroup = B75FCDF320F25131008BE761;
			productRefGroup = B75FCDFD20F25131008BE761 /* Products */;
			projectDirPath = "";
			projectRoot = "";
			targets = (
				B75FCDFB20F25131008BE761 /* CompaniesApp */,
			);
		};
/* End PBXProject section */

/* Begin PBXResourcesBuildPhase section */
		B75FCDFA20F25131008BE761 /* Resources */ = {
			isa = PBXResourcesBuildPhase;
			buildActionMask = 2147483647;
			files = (
				B75FCE0A20F25133008BE761 /* LaunchScreen.storyboard in Resources */,
				B75FCE1220F25141008BE761 /* select_photo_empty@2x.png in Resources */,
				B75FCE0720F25133008BE761 /* Assets.xcassets in Resources */,
				B75FCE0520F25131008BE761 /* Main.storyboard in Resources */,
			);
			runOnlyForDeploymentPostprocessing = 0;
		};
/* End PBXResourcesBuildPhase section */

/* Begin PBXSourcesBuildPhase section */
		B75FCDF820F25131008BE761 /* Sources */ = {
			isa = PBXSourcesBuildPhase;
			buildActionMask = 2147483647;
			files = (
				B75FCE1720F25A68008BE761 /* CustomNavigationController.swift in Sources */,
				B736E9592115192600F3D7CC /* CreateEmployeeController.swift in Sources */,
				B736E9552115134800F3D7CC /* EmployeesController.swift in Sources */,
				B75FCE0220F25131008BE761 /* CompaniesController.swift in Sources */,
				B77C3CE021167D6600E0120F /* EmployeesController+CreateEmployee.swift in Sources */,
				B75FCE1520F25319008BE761 /* UIView+constraints.swift in Sources */,
				B736E9512115094000F3D7CC /* CompaniesController+CreateCompany.swift in Sources */,
				B736E94B2114BF9E00F3D7CC /* UINavigationController+style.swift in Sources */,
				B736E957211516B500F3D7CC /* UIViewController+helpers.swift in Sources */,
				B75FCE2320F26602008BE761 /* UIColor+rgb.swift in Sources */,
				B736E95321150A6B00F3D7CC /* CompaniesController+UITableView.swift in Sources */,
				B75FCE3020F2A8CA008BE761 /* CompaniesAppModels.xcdatamodeld in Sources */,
				B75FCE1F20F263D8008BE761 /* UIColor+theme.swift in Sources */,
				B75FCE3220F2B420008BE761 /* CoreDataManager.swift in Sources */,
				B736E94E2114E28100F3D7CC /* CompanyCell.swift in Sources */,
				B75FCE0020F25131008BE761 /* AppDelegate.swift in Sources */,
				B75FCE2820F276B0008BE761 /* CreateCompanyController.swift in Sources */,
			);
			runOnlyForDeploymentPostprocessing = 0;
		};
/* End PBXSourcesBuildPhase section */

/* Begin PBXVariantGroup section */
		B75FCE0320F25131008BE761 /* Main.storyboard */ = {
			isa = PBXVariantGroup;
			children = (
				B75FCE0420F25131008BE761 /* Base */,
			);
			name = Main.storyboard;
			sourceTree = "<group>";
		};
		B75FCE0820F25133008BE761 /* LaunchScreen.storyboard */ = {
			isa = PBXVariantGroup;
			children = (
				B75FCE0920F25133008BE761 /* Base */,
			);
			name = LaunchScreen.storyboard;
			sourceTree = "<group>";
		};
/* End PBXVariantGroup section */

/* Begin XCBuildConfiguration section */
		B75FCE0C20F25133008BE761 /* Debug */ = {
			isa = XCBuildConfiguration;
			buildSettings = {
				ALWAYS_SEARCH_USER_PATHS = NO;
				CLANG_ANALYZER_NONNULL = YES;
				CLANG_ANALYZER_NUMBER_OBJECT_CONVERSION = YES_AGGRESSIVE;
				CLANG_CXX_LANGUAGE_STANDARD = "gnu++14";
				CLANG_CXX_LIBRARY = "libc++";
				CLANG_ENABLE_MODULES = YES;
				CLANG_ENABLE_OBJC_ARC = YES;
				CLANG_ENABLE_OBJC_WEAK = YES;
				CLANG_WARN_BLOCK_CAPTURE_AUTORELEASING = YES;
				CLANG_WARN_BOOL_CONVERSION = YES;
				CLANG_WARN_COMMA = YES;
				CLANG_WARN_CONSTANT_CONVERSION = YES;
				CLANG_WARN_DEPRECATED_OBJC_IMPLEMENTATIONS = YES;
				CLANG_WARN_DIRECT_OBJC_ISA_USAGE = YES_ERROR;
				CLANG_WARN_DOCUMENTATION_COMMENTS = YES;
				CLANG_WARN_EMPTY_BODY = YES;
				CLANG_WARN_ENUM_CONVERSION = YES;
				CLANG_WARN_INFINITE_RECURSION = YES;
				CLANG_WARN_INT_CONVERSION = YES;
				CLANG_WARN_NON_LITERAL_NULL_CONVERSION = YES;
				CLANG_WARN_OBJC_IMPLICIT_RETAIN_SELF = YES;
				CLANG_WARN_OBJC_LITERAL_CONVERSION = YES;
				CLANG_WARN_OBJC_ROOT_CLASS = YES_ERROR;
				CLANG_WARN_RANGE_LOOP_ANALYSIS = YES;
				CLANG_WARN_STRICT_PROTOTYPES = YES;
				CLANG_WARN_SUSPICIOUS_MOVE = YES;
				CLANG_WARN_UNGUARDED_AVAILABILITY = YES_AGGRESSIVE;
				CLANG_WARN_UNREACHABLE_CODE = YES;
				CLANG_WARN__DUPLICATE_METHOD_MATCH = YES;
				CODE_SIGN_IDENTITY = "iPhone Developer";
				COPY_PHASE_STRIP = NO;
				DEBUG_INFORMATION_FORMAT = dwarf;
				ENABLE_STRICT_OBJC_MSGSEND = YES;
				ENABLE_TESTABILITY = YES;
				GCC_C_LANGUAGE_STANDARD = gnu11;
				GCC_DYNAMIC_NO_PIC = NO;
				GCC_NO_COMMON_BLOCKS = YES;
				GCC_OPTIMIZATION_LEVEL = 0;
				GCC_PREPROCESSOR_DEFINITIONS = (
					"DEBUG=1",
					"$(inherited)",
				);
				GCC_WARN_64_TO_32_BIT_CONVERSION = YES;
				GCC_WARN_ABOUT_RETURN_TYPE = YES_ERROR;
				GCC_WARN_UNDECLARED_SELECTOR = YES;
				GCC_WARN_UNINITIALIZED_AUTOS = YES_AGGRESSIVE;
				GCC_WARN_UNUSED_FUNCTION = YES;
				GCC_WARN_UNUSED_VARIABLE = YES;
				IPHONEOS_DEPLOYMENT_TARGET = 11.3;
				MTL_ENABLE_DEBUG_INFO = YES;
				ONLY_ACTIVE_ARCH = YES;
				SDKROOT = iphoneos;
				SWIFT_ACTIVE_COMPILATION_CONDITIONS = DEBUG;
				SWIFT_OPTIMIZATION_LEVEL = "-Onone";
			};
			name = Debug;
		};
		B75FCE0D20F25133008BE761 /* Release */ = {
			isa = XCBuildConfiguration;
			buildSettings = {
				ALWAYS_SEARCH_USER_PATHS = NO;
				CLANG_ANALYZER_NONNULL = YES;
				CLANG_ANALYZER_NUMBER_OBJECT_CONVERSION = YES_AGGRESSIVE;
				CLANG_CXX_LANGUAGE_STANDARD = "gnu++14";
				CLANG_CXX_LIBRARY = "libc++";
				CLANG_ENABLE_MODULES = YES;
				CLANG_ENABLE_OBJC_ARC = YES;
				CLANG_ENABLE_OBJC_WEAK = YES;
				CLANG_WARN_BLOCK_CAPTURE_AUTORELEASING = YES;
				CLANG_WARN_BOOL_CONVERSION = YES;
				CLANG_WARN_COMMA = YES;
				CLANG_WARN_CONSTANT_CONVERSION = YES;
				CLANG_WARN_DEPRECATED_OBJC_IMPLEMENTATIONS = YES;
				CLANG_WARN_DIRECT_OBJC_ISA_USAGE = YES_ERROR;
				CLANG_WARN_DOCUMENTATION_COMMENTS = YES;
				CLANG_WARN_EMPTY_BODY = YES;
				CLANG_WARN_ENUM_CONVERSION = YES;
				CLANG_WARN_INFINITE_RECURSION = YES;
				CLANG_WARN_INT_CONVERSION = YES;
				CLANG_WARN_NON_LITERAL_NULL_CONVERSION = YES;
				CLANG_WARN_OBJC_IMPLICIT_RETAIN_SELF = YES;
				CLANG_WARN_OBJC_LITERAL_CONVERSION = YES;
				CLANG_WARN_OBJC_ROOT_CLASS = YES_ERROR;
				CLANG_WARN_RANGE_LOOP_ANALYSIS = YES;
				CLANG_WARN_STRICT_PROTOTYPES = YES;
				CLANG_WARN_SUSPICIOUS_MOVE = YES;
				CLANG_WARN_UNGUARDED_AVAILABILITY = YES_AGGRESSIVE;
				CLANG_WARN_UNREACHABLE_CODE = YES;
				CLANG_WARN__DUPLICATE_METHOD_MATCH = YES;
				CODE_SIGN_IDENTITY = "iPhone Developer";
				COPY_PHASE_STRIP = NO;
				DEBUG_INFORMATION_FORMAT = "dwarf-with-dsym";
				ENABLE_NS_ASSERTIONS = NO;
				ENABLE_STRICT_OBJC_MSGSEND = YES;
				GCC_C_LANGUAGE_STANDARD = gnu11;
				GCC_NO_COMMON_BLOCKS = YES;
				GCC_WARN_64_TO_32_BIT_CONVERSION = YES;
				GCC_WARN_ABOUT_RETURN_TYPE = YES_ERROR;
				GCC_WARN_UNDECLARED_SELECTOR = YES;
				GCC_WARN_UNINITIALIZED_AUTOS = YES_AGGRESSIVE;
				GCC_WARN_UNUSED_FUNCTION = YES;
				GCC_WARN_UNUSED_VARIABLE = YES;
				IPHONEOS_DEPLOYMENT_TARGET = 11.3;
				MTL_ENABLE_DEBUG_INFO = NO;
				SDKROOT = iphoneos;
				SWIFT_COMPILATION_MODE = wholemodule;
				SWIFT_OPTIMIZATION_LEVEL = "-O";
				VALIDATE_PRODUCT = YES;
			};
			name = Release;
		};
		B75FCE0F20F25133008BE761 /* Debug */ = {
			isa = XCBuildConfiguration;
			buildSettings = {
				ASSETCATALOG_COMPILER_APPICON_NAME = AppIcon;
				CODE_SIGN_STYLE = Automatic;
				INFOPLIST_FILE = CompaniesApp/Info.plist;
				LD_RUNPATH_SEARCH_PATHS = (
					"$(inherited)",
					"@executable_path/Frameworks",
				);
				PRODUCT_BUNDLE_IDENTIFIER = com.example.irma.CompaniesApp;
				PRODUCT_NAME = "$(TARGET_NAME)";
				SWIFT_VERSION = 4.0;
				TARGETED_DEVICE_FAMILY = "1,2";
			};
			name = Debug;
		};
		B75FCE1020F25133008BE761 /* Release */ = {
			isa = XCBuildConfiguration;
			buildSettings = {
				ASSETCATALOG_COMPILER_APPICON_NAME = AppIcon;
				CODE_SIGN_STYLE = Automatic;
				INFOPLIST_FILE = CompaniesApp/Info.plist;
				LD_RUNPATH_SEARCH_PATHS = (
					"$(inherited)",
					"@executable_path/Frameworks",
				);
				PRODUCT_BUNDLE_IDENTIFIER = com.example.irma.CompaniesApp;
				PRODUCT_NAME = "$(TARGET_NAME)";
				SWIFT_VERSION = 4.0;
				TARGETED_DEVICE_FAMILY = "1,2";
			};
			name = Release;
		};
/* End XCBuildConfiguration section */

/* Begin XCConfigurationList section */
		B75FCDF720F25131008BE761 /* Build configuration list for PBXProject "CompaniesApp" */ = {
			isa = XCConfigurationList;
			buildConfigurations = (
				B75FCE0C20F25133008BE761 /* Debug */,
				B75FCE0D20F25133008BE761 /* Release */,
			);
			defaultConfigurationIsVisible = 0;
			defaultConfigurationName = Release;
		};
		B75FCE0E20F25133008BE761 /* Build configuration list for PBXNativeTarget "CompaniesApp" */ = {
			isa = XCConfigurationList;
			buildConfigurations = (
				B75FCE0F20F25133008BE761 /* Debug */,
				B75FCE1020F25133008BE761 /* Release */,
			);
			defaultConfigurationIsVisible = 0;
			defaultConfigurationName = Release;
		};
/* End XCConfigurationList section */

/* Begin XCVersionGroup section */
		B75FCE2E20F2A8CA008BE761 /* CompaniesAppModels.xcdatamodeld */ = {
			isa = XCVersionGroup;
			children = (
				B75FCE2F20F2A8CA008BE761 /* CompaniesAppModel.xcdatamodel */,
			);
			currentVersion = B75FCE2F20F2A8CA008BE761 /* CompaniesAppModel.xcdatamodel */;
			path = CompaniesAppModels.xcdatamodeld;
			sourceTree = "<group>";
			versionGroupType = wrapper.xcdatamodel;
		};
/* End XCVersionGroup section */
	};
	rootObject = B75FCDF420F25131008BE761 /* Project object */;
}
